
Microsoft Visual Studio Solution File, Format Version 12.00
# Visual Studio Version 17
VisualStudioVersion = 17.11.35327.3
MinimumVisualStudioVersion = 10.0.40219.1
Project("{9A19103F-16F7-4668-BE54-9A1E7A4F7556}") = "WebApplication1", "WebApplication1\WebApplication1.csproj", "{E53D13DE-7664-4042-84D0-44647A4A2C69}"
EndProject
Project("{FAE04EC0-301F-11D3-BF4B-00C04F79EFBC}") = "bisho", "bisho\bisho.csproj", "{DD921A8D-93D8-40C8-BE2C-2641BE11603B}"
EndProject
Global
	GlobalSection(SolutionConfigurationPlatforms) = preSolution
		Debug|Any CPU = Debug|Any CPU
		Release|Any CPU = Release|Any CPU
	EndGlobalSection
	GlobalSection(ProjectConfigurationPlatforms) = postSolution
		{E53D13DE-7664-4042-84D0-44647A4A2C69}.Debug|Any CPU.ActiveCfg = Debug|Any CPU
		{E53D13DE-7664-4042-84D0-44647A4A2C69}.Debug|Any CPU.Build.0 = Debug|Any CPU
		{E53D13DE-7664-4042-84D0-44647A4A2C69}.Release|Any CPU.ActiveCfg = Release|Any CPU
		{E53D13DE-7664-4042-84D0-44647A4A2C69}.Release|Any CPU.Build.0 = Release|Any CPU
		{DD921A8D-93D8-40C8-BE2C-2641BE11603B}.Debug|Any CPU.ActiveCfg = Debug|Any CPU
		{DD921A8D-93D8-40C8-BE2C-2641BE11603B}.Debug|Any CPU.Build.0 = Debug|Any CPU
		{DD921A8D-93D8-40C8-BE2C-2641BE11603B}.Release|Any CPU.ActiveCfg = Release|Any CPU
		{DD921A8D-93D8-40C8-BE2C-2641BE11603B}.Release|Any CPU.Build.0 = Release|Any CPU
	EndGlobalSection
	GlobalSection(SolutionProperties) = preSolution
		HideSolutionNode = FALSE
	EndGlobalSection
	GlobalSection(ExtensibilityGlobals) = postSolution
		SolutionGuid = {0D7ED063-EFBC-416F-A6E8-80D69BEB6C1F}
	EndGlobalSection
EndGlobal
